
Microsoft Visual Studio Solution File, Format Version 12.00
# Visual Studio Version 17
VisualStudioVersion = 17.9.34728.123
MinimumVisualStudioVersion = 10.0.40219.1
Project("{9A19103F-16F7-4668-BE54-9A1E7A4F7556}") = "AutomobileLibrary", "AutomobileLibrary\AutomobileLibrary.csproj", "{2755D7F7-76E8-4067-851F-17201D6A3B20}"
EndProject
Project("{FAE04EC0-301F-11D3-BF4B-00C04F79EFBC}") = "AutomobileWinApp", "AutomobileWinApp\AutomobileWinApp.csproj", "{201F13F2-801C-403A-842A-510C9D602A98}"
EndProject
Global
	GlobalSection(SolutionConfigurationPlatforms) = preSolution
		Debug|Any CPU = Debug|Any CPU
		Release|Any CPU = Release|Any CPU
	EndGlobalSection
	GlobalSection(ProjectConfigurationPlatforms) = postSolution
		{2755D7F7-76E8-4067-851F-17201D6A3B20}.Debug|Any CPU.ActiveCfg = Debug|Any CPU
		{2755D7F7-76E8-4067-851F-17201D6A3B20}.Debug|Any CPU.Build.0 = Debug|Any CPU
		{2755D7F7-76E8-4067-851F-17201D6A3B20}.Release|Any CPU.ActiveCfg = Release|Any CPU
		{2755D7F7-76E8-4067-851F-17201D6A3B20}.Release|Any CPU.Build.0 = Release|Any CPU
		{201F13F2-801C-403A-842A-510C9D602A98}.Debug|Any CPU.ActiveCfg = Debug|Any CPU
		{201F13F2-801C-403A-842A-510C9D602A98}.Debug|Any CPU.Build.0 = Debug|Any CPU
		{201F13F2-801C-403A-842A-510C9D602A98}.Release|Any CPU.ActiveCfg = Release|Any CPU
		{201F13F2-801C-403A-842A-510C9D602A98}.Release|Any CPU.Build.0 = Release|Any CPU
	EndGlobalSection
	GlobalSection(SolutionProperties) = preSolution
		HideSolutionNode = FALSE
	EndGlobalSection
	GlobalSection(ExtensibilityGlobals) = postSolution
		SolutionGuid = {DCCE7285-9436-451F-8570-0EB8C1102C90}
	EndGlobalSection
EndGlobal
